// !$*UTF8*$!
{
	archiveVersion = 1;
	classes = {
	};
	objectVersion = 60;
	objects = {

/* Begin PBXBuildFile section */
		3D0381972C57B6D300972520 /* Crypto.swift in Sources */ = {isa = PBXBuildFile; fileRef = 3D0381962C57B6D300972520 /* Crypto.swift */; };
		3D0381992C57C76200972520 /* Webservice.swift in Sources */ = {isa = PBXBuildFile; fileRef = 3D0381982C57C76200972520 /* Webservice.swift */; };
		3D03819C2C58FDA300972520 /* RxCocoa in Frameworks */ = {isa = PBXBuildFile; productRef = 3D03819B2C58FDA300972520 /* RxCocoa */; };
		3D03819E2C58FDA300972520 /* RxSwift in Frameworks */ = {isa = PBXBuildFile; productRef = 3D03819D2C58FDA300972520 /* RxSwift */; };
		3D0381A42C5909B200972520 /* CryptoViewModel.swift in Sources */ = {isa = PBXBuildFile; fileRef = 3D0381A32C5909B200972520 /* CryptoViewModel.swift */; };
		3DD56EA02C56CD9900064725 /* AppDelegate.swift in Sources */ = {isa = PBXBuildFile; fileRef = 3DD56E9F2C56CD9900064725 /* AppDelegate.swift */; };
		3DD56EA22C56CD9900064725 /* SceneDelegate.swift in Sources */ = {isa = PBXBuildFile; fileRef = 3DD56EA12C56CD9900064725 /* SceneDelegate.swift */; };
		3DD56EA42C56CD9900064725 /* ViewController.swift in Sources */ = {isa = PBXBuildFile; fileRef = 3DD56EA32C56CD9900064725 /* ViewController.swift */; };
		3DD56EA72C56CD9900064725 /* Main.storyboard in Resources */ = {isa = PBXBuildFile; fileRef = 3DD56EA52C56CD9900064725 /* Main.storyboard */; };
		3DD56EA92C56CD9B00064725 /* Assets.xcassets in Resources */ = {isa = PBXBuildFile; fileRef = 3DD56EA82C56CD9B00064725 /* Assets.xcassets */; };
		3DD56EAC2C56CD9B00064725 /* LaunchScreen.storyboard in Resources */ = {isa = PBXBuildFile; fileRef = 3DD56EAA2C56CD9B00064725 /* LaunchScreen.storyboard */; };
/* End PBXBuildFile section */

/* Begin PBXFileReference section */
		3D0381962C57B6D300972520 /* Crypto.swift */ = {isa = PBXFileReference; lastKnownFileType = sourcecode.swift; path = Crypto.swift; sourceTree = "<group>"; };
		3D0381982C57C76200972520 /* Webservice.swift */ = {isa = PBXFileReference; lastKnownFileType = sourcecode.swift; path = Webservice.swift; sourceTree = "<group>"; };
		3D0381A32C5909B200972520 /* CryptoViewModel.swift */ = {isa = PBXFileReference; lastKnownFileType = sourcecode.swift; path = CryptoViewModel.swift; sourceTree = "<group>"; };
		3DD56E9C2C56CD9900064725 /* oCoin.app */ = {isa = PBXFileReference; explicitFileType = wrapper.application; includeInIndex = 0; path = oCoin.app; sourceTree = BUILT_PRODUCTS_DIR; };
		3DD56E9F2C56CD9900064725 /* AppDelegate.swift */ = {isa = PBXFileReference; lastKnownFileType = sourcecode.swift; path = AppDelegate.swift; sourceTree = "<group>"; };
		3DD56EA12C56CD9900064725 /* SceneDelegate.swift */ = {isa = PBXFileReference; lastKnownFileType = sourcecode.swift; path = SceneDelegate.swift; sourceTree = "<group>"; };
		3DD56EA32C56CD9900064725 /* ViewController.swift */ = {isa = PBXFileReference; lastKnownFileType = sourcecode.swift; path = ViewController.swift; sourceTree = "<group>"; };
		3DD56EA62C56CD9900064725 /* Base */ = {isa = PBXFileReference; lastKnownFileType = file.storyboard; name = Base; path = Base.lproj/Main.storyboard; sourceTree = "<group>"; };
		3DD56EA82C56CD9B00064725 /* Assets.xcassets */ = {isa = PBXFileReference; lastKnownFileType = folder.assetcatalog; path = Assets.xcassets; sourceTree = "<group>"; };
		3DD56EAB2C56CD9B00064725 /* Base */ = {isa = PBXFileReference; lastKnownFileType = file.storyboard; name = Base; path = Base.lproj/LaunchScreen.storyboard; sourceTree = "<group>"; };
		3DD56EAD2C56CD9B00064725 /* Info.plist */ = {isa = PBXFileReference; lastKnownFileType = text.plist.xml; path = Info.plist; sourceTree = "<group>"; };
/* End PBXFileReference section */

/* Begin PBXFrameworksBuildPhase section */
		3DD56E992C56CD9900064725 /* Frameworks */ = {
			isa = PBXFrameworksBuildPhase;
			buildActionMask = 2147483647;
			files = (
				3D03819E2C58FDA300972520 /* RxSwift in Frameworks */,
				3D03819C2C58FDA300972520 /* RxCocoa in Frameworks */,
			);
			runOnlyForDeploymentPostprocessing = 0;
		};
/* End PBXFrameworksBuildPhase section */

/* Begin PBXGroup section */
		3D0381912C57AEA300972520 /* View */ = {
			isa = PBXGroup;
			children = (
				3DD56EA32C56CD9900064725 /* ViewController.swift */,
			);
			path = View;
			sourceTree = "<group>";
		};
		3D0381922C57AEBE00972520 /* ViewModel */ = {
			isa = PBXGroup;
			children = (
				3D0381A32C5909B200972520 /* CryptoViewModel.swift */,
			);
			path = ViewModel;
			sourceTree = "<group>";
		};
		3D0381932C57AEDA00972520 /* Model */ = {
			isa = PBXGroup;
			children = (
				3D0381962C57B6D300972520 /* Crypto.swift */,
			);
			path = Model;
			sourceTree = "<group>";
		};
		3D0381942C57AF4700972520 /* Service */ = {
			isa = PBXGroup;
			children = (
				3D0381982C57C76200972520 /* Webservice.swift */,
			);
			path = Service;
			sourceTree = "<group>";
		};
		3D0381952C57AF9200972520 /* Delegate */ = {
			isa = PBXGroup;
			children = (
				3DD56E9F2C56CD9900064725 /* AppDelegate.swift */,
				3DD56EA12C56CD9900064725 /* SceneDelegate.swift */,
			);
			path = Delegate;
			sourceTree = "<group>";
		};
		3DD56E932C56CD9900064725 = {
			isa = PBXGroup;
			children = (
				3DD56E9E2C56CD9900064725 /* oCoin */,
				3DD56E9D2C56CD9900064725 /* Products */,
			);
			sourceTree = "<group>";
			usesTabs = 0;
		};
		3DD56E9D2C56CD9900064725 /* Products */ = {
			isa = PBXGroup;
			children = (
				3DD56E9C2C56CD9900064725 /* oCoin.app */,
			);
			name = Products;
			sourceTree = "<group>";
		};
		3DD56E9E2C56CD9900064725 /* oCoin */ = {
			isa = PBXGroup;
			children = (
				3D0381952C57AF9200972520 /* Delegate */,
				3D0381942C57AF4700972520 /* Service */,
				3D0381932C57AEDA00972520 /* Model */,
				3D0381922C57AEBE00972520 /* ViewModel */,
				3D0381912C57AEA300972520 /* View */,
				3DD56EA52C56CD9900064725 /* Main.storyboard */,
				3DD56EA82C56CD9B00064725 /* Assets.xcassets */,
				3DD56EAA2C56CD9B00064725 /* LaunchScreen.storyboard */,
				3DD56EAD2C56CD9B00064725 /* Info.plist */,
			);
			path = oCoin;
			sourceTree = "<group>";
		};
/* End PBXGroup section */

/* Begin PBXNativeTarget section */
		3DD56E9B2C56CD9900064725 /* oCoin */ = {
			isa = PBXNativeTarget;
			buildConfigurationList = 3DD56EB02C56CD9B00064725 /* Build configuration list for PBXNativeTarget "oCoin" */;
			buildPhases = (
				3DD56E982C56CD9900064725 /* Sources */,
				3DD56E992C56CD9900064725 /* Frameworks */,
				3DD56E9A2C56CD9900064725 /* Resources */,
			);
			buildRules = (
			);
			dependencies = (
			);
			name = oCoin;
			packageProductDependencies = (
				3D03819B2C58FDA300972520 /* RxCocoa */,
				3D03819D2C58FDA300972520 /* RxSwift */,
			);
			productName = oCoin;
			productReference = 3DD56E9C2C56CD9900064725 /* oCoin.app */;
			productType = "com.apple.product-type.application";
		};
/* End PBXNativeTarget section */

/* Begin PBXProject section */
		3DD56E942C56CD9900064725 /* Project object */ = {
			isa = PBXProject;
			attributes = {
				BuildIndependentTargetsInParallel = 1;
				LastSwiftUpdateCheck = 1500;
				LastUpgradeCheck = 1500;
				TargetAttributes = {
					3DD56E9B2C56CD9900064725 = {
						CreatedOnToolsVersion = 15.0.1;
					};
				};
			};
			buildConfigurationList = 3DD56E972C56CD9900064725 /* Build configuration list for PBXProject "oCoin" */;
			compatibilityVersion = "Xcode 15.0";
			developmentRegion = en;
			hasScannedForEncodings = 0;
			knownRegions = (
				en,
				Base,
			);
			mainGroup = 3DD56E932C56CD9900064725;
			packageReferences = (
				3D03819A2C58FDA300972520 /* XCRemoteSwiftPackageReference "RxSwift" */,
			);
			productRefGroup = 3DD56E9D2C56CD9900064725 /* Products */;
			projectDirPath = "";
			projectRoot = "";
			targets = (
				3DD56E9B2C56CD9900064725 /* oCoin */,
			);
		};
/* End PBXProject section */

/* Begin PBXResourcesBuildPhase section */
		3DD56E9A2C56CD9900064725 /* Resources */ = {
			isa = PBXResourcesBuildPhase;
			buildActionMask = 2147483647;
			files = (
				3DD56EAC2C56CD9B00064725 /* LaunchScreen.storyboard in Resources */,
				3DD56EA92C56CD9B00064725 /* Assets.xcassets in Resources */,
				3DD56EA72C56CD9900064725 /* Main.storyboard in Resources */,
			);
			runOnlyForDeploymentPostprocessing = 0;
		};
/* End PBXResourcesBuildPhase section */

/* Begin PBXSourcesBuildPhase section */
		3DD56E982C56CD9900064725 /* Sources */ = {
			isa = PBXSourcesBuildPhase;
			buildActionMask = 2147483647;
			files = (
				3D0381972C57B6D300972520 /* Crypto.swift in Sources */,
				3DD56EA42C56CD9900064725 /* ViewController.swift in Sources */,
				3DD56EA02C56CD9900064725 /* AppDelegate.swift in Sources */,
				3D0381992C57C76200972520 /* Webservice.swift in Sources */,
				3DD56EA22C56CD9900064725 /* SceneDelegate.swift in Sources */,
				3D0381A42C5909B200972520 /* CryptoViewModel.swift in Sources */,
			);
			runOnlyForDeploymentPostprocessing = 0;
		};
/* End PBXSourcesBuildPhase section */

/* Begin PBXVariantGroup section */
		3DD56EA52C56CD9900064725 /* Main.storyboard */ = {
			isa = PBXVariantGroup;
			children = (
				3DD56EA62C56CD9900064725 /* Base */,
			);
			name = Main.storyboard;
			sourceTree = "<group>";
		};
		3DD56EAA2C56CD9B00064725 /* LaunchScreen.storyboard */ = {
			isa = PBXVariantGroup;
			children = (
				3DD56EAB2C56CD9B00064725 /* Base */,
			);
			name = LaunchScreen.storyboard;
			sourceTree = "<group>";
		};
/* End PBXVariantGroup section */

/* Begin XCBuildConfiguration section */
		3DD56EAE2C56CD9B00064725 /* Debug */ = {
			isa = XCBuildConfiguration;
			buildSettings = {
				ALWAYS_SEARCH_USER_PATHS = NO;
				ASSETCATALOG_COMPILER_GENERATE_SWIFT_ASSET_SYMBOL_EXTENSIONS = YES;
				CLANG_ANALYZER_NONNULL = YES;
				CLANG_ANALYZER_NUMBER_OBJECT_CONVERSION = YES_AGGRESSIVE;
				CLANG_CXX_LANGUAGE_STANDARD = "gnu++20";
				CLANG_ENABLE_MODULES = YES;
				CLANG_ENABLE_OBJC_ARC = YES;
				CLANG_ENABLE_OBJC_WEAK = YES;
				CLANG_WARN_BLOCK_CAPTURE_AUTORELEASING = YES;
				CLANG_WARN_BOOL_CONVERSION = YES;
				CLANG_WARN_COMMA = YES;
				CLANG_WARN_CONSTANT_CONVERSION = YES;
				CLANG_WARN_DEPRECATED_OBJC_IMPLEMENTATIONS = YES;
				CLANG_WARN_DIRECT_OBJC_ISA_USAGE = YES_ERROR;
				CLANG_WARN_DOCUMENTATION_COMMENTS = YES;
				CLANG_WARN_EMPTY_BODY = YES;
				CLANG_WARN_ENUM_CONVERSION = YES;
				CLANG_WARN_INFINITE_RECURSION = YES;
				CLANG_WARN_INT_CONVERSION = YES;
				CLANG_WARN_NON_LITERAL_NULL_CONVERSION = YES;
				CLANG_WARN_OBJC_IMPLICIT_RETAIN_SELF = YES;
				CLANG_WARN_OBJC_LITERAL_CONVERSION = YES;
				CLANG_WARN_OBJC_ROOT_CLASS = YES_ERROR;
				CLANG_WARN_QUOTED_INCLUDE_IN_FRAMEWORK_HEADER = YES;
				CLANG_WARN_RANGE_LOOP_ANALYSIS = YES;
				CLANG_WARN_STRICT_PROTOTYPES = YES;
				CLANG_WARN_SUSPICIOUS_MOVE = YES;
				CLANG_WARN_UNGUARDED_AVAILABILITY = YES_AGGRESSIVE;
				CLANG_WARN_UNREACHABLE_CODE = YES;
				CLANG_WARN__DUPLICATE_METHOD_MATCH = YES;
				COPY_PHASE_STRIP = NO;
				DEBUG_INFORMATION_FORMAT = dwarf;
				ENABLE_STRICT_OBJC_MSGSEND = YES;
				ENABLE_TESTABILITY = YES;
				ENABLE_USER_SCRIPT_SANDBOXING = YES;
				GCC_C_LANGUAGE_STANDARD = gnu17;
				GCC_DYNAMIC_NO_PIC = NO;
				GCC_NO_COMMON_BLOCKS = YES;
				GCC_OPTIMIZATION_LEVEL = 0;
				GCC_PREPROCESSOR_DEFINITIONS = (
					"DEBUG=1",
					"$(inherited)",
				);
				GCC_WARN_64_TO_32_BIT_CONVERSION = YES;
				GCC_WARN_ABOUT_RETURN_TYPE = YES_ERROR;
				GCC_WARN_UNDECLARED_SELECTOR = YES;
				GCC_WARN_UNINITIALIZED_AUTOS = YES_AGGRESSIVE;
				GCC_WARN_UNUSED_FUNCTION = YES;
				GCC_WARN_UNUSED_VARIABLE = YES;
				IPHONEOS_DEPLOYMENT_TARGET = 17.0;
				LOCALIZATION_PREFERS_STRING_CATALOGS = YES;
				MTL_ENABLE_DEBUG_INFO = INCLUDE_SOURCE;
				MTL_FAST_MATH = YES;
				ONLY_ACTIVE_ARCH = YES;
				SDKROOT = iphoneos;
				SWIFT_ACTIVE_COMPILATION_CONDITIONS = "DEBUG $(inherited)";
				SWIFT_OPTIMIZATION_LEVEL = "-Onone";
			};
			name = Debug;
		};
		3DD56EAF2C56CD9B00064725 /* Release */ = {
			isa = XCBuildConfiguration;
			buildSettings = {
				ALWAYS_SEARCH_USER_PATHS = NO;
				ASSETCATALOG_COMPILER_GENERATE_SWIFT_ASSET_SYMBOL_EXTENSIONS = YES;
				CLANG_ANALYZER_NONNULL = YES;
				CLANG_ANALYZER_NUMBER_OBJECT_CONVERSION = YES_AGGRESSIVE;
				CLANG_CXX_LANGUAGE_STANDARD = "gnu++20";
				CLANG_ENABLE_MODULES = YES;
				CLANG_ENABLE_OBJC_ARC = YES;
				CLANG_ENABLE_OBJC_WEAK = YES;
				CLANG_WARN_BLOCK_CAPTURE_AUTORELEASING = YES;
				CLANG_WARN_BOOL_CONVERSION = YES;
				CLANG_WARN_COMMA = YES;
				CLANG_WARN_CONSTANT_CONVERSION = YES;
				CLANG_WARN_DEPRECATED_OBJC_IMPLEMENTATIONS = YES;
				CLANG_WARN_DIRECT_OBJC_ISA_USAGE = YES_ERROR;
				CLANG_WARN_DOCUMENTATION_COMMENTS = YES;
				CLANG_WARN_EMPTY_BODY = YES;
				CLANG_WARN_ENUM_CONVERSION = YES;
				CLANG_WARN_INFINITE_RECURSION = YES;
				CLANG_WARN_INT_CONVERSION = YES;
				CLANG_WARN_NON_LITERAL_NULL_CONVERSION = YES;
				CLANG_WARN_OBJC_IMPLICIT_RETAIN_SELF = YES;
				CLANG_WARN_OBJC_LITERAL_CONVERSION = YES;
				CLANG_WARN_OBJC_ROOT_CLASS = YES_ERROR;
				CLANG_WARN_QUOTED_INCLUDE_IN_FRAMEWORK_HEADER = YES;
				CLANG_WARN_RANGE_LOOP_ANALYSIS = YES;
				CLANG_WARN_STRICT_PROTOTYPES = YES;
				CLANG_WARN_SUSPICIOUS_MOVE = YES;
				CLANG_WARN_UNGUARDED_AVAILABILITY = YES_AGGRESSIVE;
				CLANG_WARN_UNREACHABLE_CODE = YES;
				CLANG_WARN__DUPLICATE_METHOD_MATCH = YES;
				COPY_PHASE_STRIP = NO;
				DEBUG_INFORMATION_FORMAT = "dwarf-with-dsym";
				ENABLE_NS_ASSERTIONS = NO;
				ENABLE_STRICT_OBJC_MSGSEND = YES;
				ENABLE_USER_SCRIPT_SANDBOXING = YES;
				GCC_C_LANGUAGE_STANDARD = gnu17;
				GCC_NO_COMMON_BLOCKS = YES;
				GCC_WARN_64_TO_32_BIT_CONVERSION = YES;
				GCC_WARN_ABOUT_RETURN_TYPE = YES_ERROR;
				GCC_WARN_UNDECLARED_SELECTOR = YES;
				GCC_WARN_UNINITIALIZED_AUTOS = YES_AGGRESSIVE;
				GCC_WARN_UNUSED_FUNCTION = YES;
				GCC_WARN_UNUSED_VARIABLE = YES;
				IPHONEOS_DEPLOYMENT_TARGET = 17.0;
				LOCALIZATION_PREFERS_STRING_CATALOGS = YES;
				MTL_ENABLE_DEBUG_INFO = NO;
				MTL_FAST_MATH = YES;
				SDKROOT = iphoneos;
				SWIFT_COMPILATION_MODE = wholemodule;
				VALIDATE_PRODUCT = YES;
			};
			name = Release;
		};
		3DD56EB12C56CD9B00064725 /* Debug */ = {
			isa = XCBuildConfiguration;
			buildSettings = {
				ASSETCATALOG_COMPILER_APPICON_NAME = AppIcon;
				ASSETCATALOG_COMPILER_GLOBAL_ACCENT_COLOR_NAME = AccentColor;
				CODE_SIGN_STYLE = Automatic;
				CURRENT_PROJECT_VERSION = 1;
				GENERATE_INFOPLIST_FILE = YES;
				INFOPLIST_FILE = oCoin/Info.plist;
				INFOPLIST_KEY_UIApplicationSupportsIndirectInputEvents = YES;
				INFOPLIST_KEY_UILaunchStoryboardName = LaunchScreen;
				INFOPLIST_KEY_UIMainStoryboardFile = Main;
				INFOPLIST_KEY_UISupportedInterfaceOrientations_iPad = "UIInterfaceOrientationPortrait UIInterfaceOrientationPortraitUpsideDown UIInterfaceOrientationLandscapeLeft UIInterfaceOrientationLandscapeRight";
				INFOPLIST_KEY_UISupportedInterfaceOrientations_iPhone = "UIInterfaceOrientationPortrait UIInterfaceOrientationLandscapeLeft UIInterfaceOrientationLandscapeRight";
				LD_RUNPATH_SEARCH_PATHS = (
					"$(inherited)",
					"@executable_path/Frameworks",
				);
				MARKETING_VERSION = 1.0;
				PRODUCT_BUNDLE_IDENTIFIER = com.fatihoguz.oCoin;
				PRODUCT_NAME = "$(TARGET_NAME)";
				SWIFT_EMIT_LOC_STRINGS = YES;
				SWIFT_VERSION = 5.0;
				TARGETED_DEVICE_FAMILY = "1,2";
			};
			name = Debug;
		};
		3DD56EB22C56CD9B00064725 /* Release */ = {
			isa = XCBuildConfiguration;
			buildSettings = {
				ASSETCATALOG_COMPILER_APPICON_NAME = AppIcon;
				ASSETCATALOG_COMPILER_GLOBAL_ACCENT_COLOR_NAME = AccentColor;
				CODE_SIGN_STYLE = Automatic;
				CURRENT_PROJECT_VERSION = 1;
				GENERATE_INFOPLIST_FILE = YES;
				INFOPLIST_FILE = oCoin/Info.plist;
				INFOPLIST_KEY_UIApplicationSupportsIndirectInputEvents = YES;
				INFOPLIST_KEY_UILaunchStoryboardName = LaunchScreen;
				INFOPLIST_KEY_UIMainStoryboardFile = Main;
				INFOPLIST_KEY_UISupportedInterfaceOrientations_iPad = "UIInterfaceOrientationPortrait UIInterfaceOrientationPortraitUpsideDown UIInterfaceOrientationLandscapeLeft UIInterfaceOrientationLandscapeRight";
				INFOPLIST_KEY_UISupportedInterfaceOrientations_iPhone = "UIInterfaceOrientationPortrait UIInterfaceOrientationLandscapeLeft UIInterfaceOrientationLandscapeRight";
				LD_RUNPATH_SEARCH_PATHS = (
					"$(inherited)",
					"@executable_path/Frameworks",
				);
				MARKETING_VERSION = 1.0;
				PRODUCT_BUNDLE_IDENTIFIER = com.fatihoguz.oCoin;
				PRODUCT_NAME = "$(TARGET_NAME)";
				SWIFT_EMIT_LOC_STRINGS = YES;
				SWIFT_VERSION = 5.0;
				TARGETED_DEVICE_FAMILY = "1,2";
			};
			name = Release;
		};
/* End XCBuildConfiguration section */

/* Begin XCConfigurationList section */
		3DD56E972C56CD9900064725 /* Build configuration list for PBXProject "oCoin" */ = {
			isa = XCConfigurationList;
			buildConfigurations = (
				3DD56EAE2C56CD9B00064725 /* Debug */,
				3DD56EAF2C56CD9B00064725 /* Release */,
			);
			defaultConfigurationIsVisible = 0;
			defaultConfigurationName = Release;
		};
		3DD56EB02C56CD9B00064725 /* Build configuration list for PBXNativeTarget "oCoin" */ = {
			isa = XCConfigurationList;
			buildConfigurations = (
				3DD56EB12C56CD9B00064725 /* Debug */,
				3DD56EB22C56CD9B00064725 /* Release */,
			);
			defaultConfigurationIsVisible = 0;
			defaultConfigurationName = Release;
		};
/* End XCConfigurationList section */

/* Begin XCRemoteSwiftPackageReference section */
		3D03819A2C58FDA300972520 /* XCRemoteSwiftPackageReference "RxSwift" */ = {
			isa = XCRemoteSwiftPackageReference;
			repositoryURL = "https://github.com/ReactiveX/RxSwift.git";
			requirement = {
				kind = upToNextMajorVersion;
				minimumVersion = 6.7.1;
			};
		};
/* End XCRemoteSwiftPackageReference section */

/* Begin XCSwiftPackageProductDependency section */
		3D03819B2C58FDA300972520 /* RxCocoa */ = {
			isa = XCSwiftPackageProductDependency;
			package = 3D03819A2C58FDA300972520 /* XCRemoteSwiftPackageReference "RxSwift" */;
			productName = RxCocoa;
		};
		3D03819D2C58FDA300972520 /* RxSwift */ = {
			isa = XCSwiftPackageProductDependency;
			package = 3D03819A2C58FDA300972520 /* XCRemoteSwiftPackageReference "RxSwift" */;
			productName = RxSwift;
		};
/* End XCSwiftPackageProductDependency section */
	};
	rootObject = 3DD56E942C56CD9900064725 /* Project object */;
}
